// !$*UTF8*$!
{
	archiveVersion = 1;
	classes = {
	};
	objectVersion = 46;
	objects = {

/* Begin PBXBuildFile section */
		BACF13BB1C5F2BF5000FBEAF /* AppDelegate.swift in Sources */ = {isa = PBXBuildFile; fileRef = BACF13BA1C5F2BF5000FBEAF /* AppDelegate.swift */; };
		BACF13BD1C5F2BF5000FBEAF /* ViewController.swift in Sources */ = {isa = PBXBuildFile; fileRef = BACF13BC1C5F2BF5000FBEAF /* ViewController.swift */; };
		BACF13C01C5F2BF5000FBEAF /* Main.storyboard in Resources */ = {isa = PBXBuildFile; fileRef = BACF13BE1C5F2BF5000FBEAF /* Main.storyboard */; };
		BACF13C21C5F2BF5000FBEAF /* Assets.xcassets in Resources */ = {isa = PBXBuildFile; fileRef = BACF13C11C5F2BF5000FBEAF /* Assets.xcassets */; };
		BACF13C51C5F2BF5000FBEAF /* LaunchScreen.storyboard in Resources */ = {isa = PBXBuildFile; fileRef = BACF13C31C5F2BF5000FBEAF /* LaunchScreen.storyboard */; };
		BACF13D01C5F2BF5000FBEAF /* multiTestTests.swift in Sources */ = {isa = PBXBuildFile; fileRef = BACF13CF1C5F2BF5000FBEAF /* multiTestTests.swift */; };
		BACF13DB1C5F2BF5000FBEAF /* multiTestUITests.swift in Sources */ = {isa = PBXBuildFile; fileRef = BACF13DA1C5F2BF5000FBEAF /* multiTestUITests.swift */; };
/* End PBXBuildFile section */

/* Begin PBXContainerItemProxy section */
		BACF13CC1C5F2BF5000FBEAF /* PBXContainerItemProxy */ = {
			isa = PBXContainerItemProxy;
			containerPortal = BACF13AF1C5F2BF5000FBEAF /* Project object */;
			proxyType = 1;
			remoteGlobalIDString = BACF13B61C5F2BF5000FBEAF;
			remoteInfo = multiTest;
		};
		BACF13D71C5F2BF5000FBEAF /* PBXContainerItemProxy */ = {
			isa = PBXContainerItemProxy;
			containerPortal = BACF13AF1C5F2BF5000FBEAF /* Project object */;
			proxyType = 1;
			remoteGlobalIDString = BACF13B61C5F2BF5000FBEAF;
			remoteInfo = multiTest;
		};
/* End PBXContainerItemProxy section */

/* Begin PBXFileReference section */
		BACF13B71C5F2BF5000FBEAF /* multiTest.app */ = {isa = PBXFileReference; explicitFileType = wrapper.application; includeInIndex = 0; path = multiTest.app; sourceTree = BUILT_PRODUCTS_DIR; };
		BACF13BA1C5F2BF5000FBEAF /* AppDelegate.swift */ = {isa = PBXFileReference; lastKnownFileType = sourcecode.swift; path = AppDelegate.swift; sourceTree = "<group>"; };
		BACF13BC1C5F2BF5000FBEAF /* ViewController.swift */ = {isa = PBXFileReference; lastKnownFileType = sourcecode.swift; path = ViewController.swift; sourceTree = "<group>"; };
		BACF13BF1C5F2BF5000FBEAF /* Base */ = {isa = PBXFileReference; lastKnownFileType = file.storyboard; name = Base; path = Base.lproj/Main.storyboard; sourceTree = "<group>"; };
		BACF13C11C5F2BF5000FBEAF /* Assets.xcassets */ = {isa = PBXFileReference; lastKnownFileType = folder.assetcatalog; path = Assets.xcassets; sourceTree = "<group>"; };
		BACF13C41C5F2BF5000FBEAF /* Base */ = {isa = PBXFileReference; lastKnownFileType = file.storyboard; name = Base; path = Base.lproj/LaunchScreen.storyboard; sourceTree = "<group>"; };
		BACF13C61C5F2BF5000FBEAF /* Info.plist */ = {isa = PBXFileReference; lastKnownFileType = text.plist.xml; path = Info.plist; sourceTree = "<group>"; };
		BACF13CB1C5F2BF5000FBEAF /* multiTestTests.xctest */ = {isa = PBXFileReference; explicitFileType = wrapper.cfbundle; includeInIndex = 0; path = multiTestTests.xctest; sourceTree = BUILT_PRODUCTS_DIR; };
		BACF13CF1C5F2BF5000FBEAF /* multiTestTests.swift */ = {isa = PBXFileReference; lastKnownFileType = sourcecode.swift; path = multiTestTests.swift; sourceTree = "<group>"; };
		BACF13D11C5F2BF5000FBEAF /* Info.plist */ = {isa = PBXFileReference; lastKnownFileType = text.plist.xml; path = Info.plist; sourceTree = "<group>"; };
		BACF13D61C5F2BF5000FBEAF /* multiTestUITests.xctest */ = {isa = PBXFileReference; explicitFileType = wrapper.cfbundle; includeInIndex = 0; path = multiTestUITests.xctest; sourceTree = BUILT_PRODUCTS_DIR; };
		BACF13DA1C5F2BF5000FBEAF /* multiTestUITests.swift */ = {isa = PBXFileReference; lastKnownFileType = sourcecode.swift; path = multiTestUITests.swift; sourceTree = "<group>"; };
		BACF13DC1C5F2BF5000FBEAF /* Info.plist */ = {isa = PBXFileReference; lastKnownFileType = text.plist.xml; path = Info.plist; sourceTree = "<group>"; };
/* End PBXFileReference section */

/* Begin PBXFrameworksBuildPhase section */
		BACF13B41C5F2BF5000FBEAF /* Frameworks */ = {
			isa = PBXFrameworksBuildPhase;
			buildActionMask = 2147483647;
			files = (
			);
			runOnlyForDeploymentPostprocessing = 0;
		};
		BACF13C81C5F2BF5000FBEAF /* Frameworks */ = {
			isa = PBXFrameworksBuildPhase;
			buildActionMask = 2147483647;
			files = (
			);
			runOnlyForDeploymentPostprocessing = 0;
		};
		BACF13D31C5F2BF5000FBEAF /* Frameworks */ = {
			isa = PBXFrameworksBuildPhase;
			buildActionMask = 2147483647;
			files = (
			);
			runOnlyForDeploymentPostprocessing = 0;
		};
/* End PBXFrameworksBuildPhase section */

/* Begin PBXGroup section */
		BACF13AE1C5F2BF5000FBEAF = {
			isa = PBXGroup;
			children = (
				BACF13B91C5F2BF5000FBEAF /* multiTest */,
				BACF13CE1C5F2BF5000FBEAF /* multiTestTests */,
				BACF13D91C5F2BF5000FBEAF /* multiTestUITests */,
				BACF13B81C5F2BF5000FBEAF /* Products */,
			);
			sourceTree = "<group>";
		};
		BACF13B81C5F2BF5000FBEAF /* Products */ = {
			isa = PBXGroup;
			children = (
				BACF13B71C5F2BF5000FBEAF /* multiTest.app */,
				BACF13CB1C5F2BF5000FBEAF /* multiTestTests.xctest */,
				BACF13D61C5F2BF5000FBEAF /* multiTestUITests.xctest */,
			);
			name = Products;
			sourceTree = "<group>";
		};
		BACF13B91C5F2BF5000FBEAF /* multiTest */ = {
			isa = PBXGroup;
			children = (
				BACF13BA1C5F2BF5000FBEAF /* AppDelegate.swift */,
				BACF13BC1C5F2BF5000FBEAF /* ViewController.swift */,
				BACF13BE1C5F2BF5000FBEAF /* Main.storyboard */,
				BACF13C11C5F2BF5000FBEAF /* Assets.xcassets */,
				BACF13C31C5F2BF5000FBEAF /* LaunchScreen.storyboard */,
				BACF13C61C5F2BF5000FBEAF /* Info.plist */,
			);
			path = multiTest;
			sourceTree = "<group>";
		};
		BACF13CE1C5F2BF5000FBEAF /* multiTestTests */ = {
			isa = PBXGroup;
			children = (
				BACF13CF1C5F2BF5000FBEAF /* multiTestTests.swift */,
				BACF13D11C5F2BF5000FBEAF /* Info.plist */,
			);
			path = multiTestTests;
			sourceTree = "<group>";
		};
		BACF13D91C5F2BF5000FBEAF /* multiTestUITests */ = {
			isa = PBXGroup;
			children = (
				BACF13DA1C5F2BF5000FBEAF /* multiTestUITests.swift */,
				BACF13DC1C5F2BF5000FBEAF /* Info.plist */,
			);
			path = multiTestUITests;
			sourceTree = "<group>";
		};
/* End PBXGroup section */

/* Begin PBXNativeTarget section */
		BACF13B61C5F2BF5000FBEAF /* multiTest */ = {
			isa = PBXNativeTarget;
			buildConfigurationList = BACF13DF1C5F2BF5000FBEAF /* Build configuration list for PBXNativeTarget "multiTest" */;
			buildPhases = (
				BACF13B31C5F2BF5000FBEAF /* Sources */,
				BACF13B41C5F2BF5000FBEAF /* Frameworks */,
				BACF13B51C5F2BF5000FBEAF /* Resources */,
			);
			buildRules = (
			);
			dependencies = (
			);
			name = multiTest;
			productName = multiTest;
			productReference = BACF13B71C5F2BF5000FBEAF /* multiTest.app */;
			productType = "com.apple.product-type.application";
		};
		BACF13CA1C5F2BF5000FBEAF /* multiTestTests */ = {
			isa = PBXNativeTarget;
			buildConfigurationList = BACF13E21C5F2BF5000FBEAF /* Build configuration list for PBXNativeTarget "multiTestTests" */;
			buildPhases = (
				BACF13C71C5F2BF5000FBEAF /* Sources */,
				BACF13C81C5F2BF5000FBEAF /* Frameworks */,
				BACF13C91C5F2BF5000FBEAF /* Resources */,
			);
			buildRules = (
			);
			dependencies = (
				BACF13CD1C5F2BF5000FBEAF /* PBXTargetDependency */,
			);
			name = multiTestTests;
			productName = multiTestTests;
			productReference = BACF13CB1C5F2BF5000FBEAF /* multiTestTests.xctest */;
			productType = "com.apple.product-type.bundle.unit-test";
		};
		BACF13D51C5F2BF5000FBEAF /* multiTestUITests */ = {
			isa = PBXNativeTarget;
			buildConfigurationList = BACF13E51C5F2BF5000FBEAF /* Build configuration list for PBXNativeTarget "multiTestUITests" */;
			buildPhases = (
				BACF13D21C5F2BF5000FBEAF /* Sources */,
				BACF13D31C5F2BF5000FBEAF /* Frameworks */,
				BACF13D41C5F2BF5000FBEAF /* Resources */,
			);
			buildRules = (
			);
			dependencies = (
				BACF13D81C5F2BF5000FBEAF /* PBXTargetDependency */,
			);
			name = multiTestUITests;
			productName = multiTestUITests;
			productReference = BACF13D61C5F2BF5000FBEAF /* multiTestUITests.xctest */;
			productType = "com.apple.product-type.bundle.ui-testing";
		};
/* End PBXNativeTarget section */

/* Begin PBXProject section */
		BACF13AF1C5F2BF5000FBEAF /* Project object */ = {
			isa = PBXProject;
			attributes = {
				LastSwiftUpdateCheck = 0720;
				LastUpgradeCheck = 0720;
				ORGANIZATIONNAME = "Jehovah Media";
				TargetAttributes = {
					BACF13B61C5F2BF5000FBEAF = {
						CreatedOnToolsVersion = 7.2;
					};
					BACF13CA1C5F2BF5000FBEAF = {
						CreatedOnToolsVersion = 7.2;
						TestTargetID = BACF13B61C5F2BF5000FBEAF;
					};
					BACF13D51C5F2BF5000FBEAF = {
						CreatedOnToolsVersion = 7.2;
						TestTargetID = BACF13B61C5F2BF5000FBEAF;
					};
				};
			};
			buildConfigurationList = BACF13B21C5F2BF5000FBEAF /* Build configuration list for PBXProject "multiTest" */;
			compatibilityVersion = "Xcode 3.2";
			developmentRegion = English;
			hasScannedForEncodings = 0;
			knownRegions = (
				en,
				Base,
			);
			mainGroup = BACF13AE1C5F2BF5000FBEAF;
			productRefGroup = BACF13B81C5F2BF5000FBEAF /* Products */;
			projectDirPath = "";
			projectRoot = "";
			targets = (
				BACF13B61C5F2BF5000FBEAF /* multiTest */,
				BACF13CA1C5F2BF5000FBEAF /* multiTestTests */,
				BACF13D51C5F2BF5000FBEAF /* multiTestUITests */,
			);
		};
/* End PBXProject section */

/* Begin PBXResourcesBuildPhase section */
		BACF13B51C5F2BF5000FBEAF /* Resources */ = {
			isa = PBXResourcesBuildPhase;
			buildActionMask = 2147483647;
			files = (
				BACF13C51C5F2BF5000FBEAF /* LaunchScreen.storyboard in Resources */,
				BACF13C21C5F2BF5000FBEAF /* Assets.xcassets in Resources */,
				BACF13C01C5F2BF5000FBEAF /* Main.storyboard in Resources */,
			);
			runOnlyForDeploymentPostprocessing = 0;
		};
		BACF13C91C5F2BF5000FBEAF /* Resources */ = {
			isa = PBXResourcesBuildPhase;
			buildActionMask = 2147483647;
			files = (
			);
			runOnlyForDeploymentPostprocessing = 0;
		};
		BACF13D41C5F2BF5000FBEAF /* Resources */ = {
			isa = PBXResourcesBuildPhase;
			buildActionMask = 2147483647;
			files = (
			);
			runOnlyForDeploymentPostprocessing = 0;
		};
/* End PBXResourcesBuildPhase section */

/* Begin PBXSourcesBuildPhase section */
		BACF13B31C5F2BF5000FBEAF /* Sources */ = {
			isa = PBXSourcesBuildPhase;
			buildActionMask = 2147483647;
			files = (
				BACF13BD1C5F2BF5000FBEAF /* ViewController.swift in Sources */,
				BACF13BB1C5F2BF5000FBEAF /* AppDelegate.swift in Sources */,
			);
			runOnlyForDeploymentPostprocessing = 0;
		};
		BACF13C71C5F2BF5000FBEAF /* Sources */ = {
			isa = PBXSourcesBuildPhase;
			buildActionMask = 2147483647;
			files = (
				BACF13D01C5F2BF5000FBEAF /* multiTestTests.swift in Sources */,
			);
			runOnlyForDeploymentPostprocessing = 0;
		};
		BACF13D21C5F2BF5000FBEAF /* Sources */ = {
			isa = PBXSourcesBuildPhase;
			buildActionMask = 2147483647;
			files = (
				BACF13DB1C5F2BF5000FBEAF /* multiTestUITests.swift in Sources */,
			);
			runOnlyForDeploymentPostprocessing = 0;
		};
/* End PBXSourcesBuildPhase section */

/* Begin PBXTargetDependency section */
		BACF13CD1C5F2BF5000FBEAF /* PBXTargetDependency */ = {
			isa = PBXTargetDependency;
			target = BACF13B61C5F2BF5000FBEAF /* multiTest */;
			targetProxy = BACF13CC1C5F2BF5000FBEAF /* PBXContainerItemProxy */;
		};
		BACF13D81C5F2BF5000FBEAF /* PBXTargetDependency */ = {
			isa = PBXTargetDependency;
			target = BACF13B61C5F2BF5000FBEAF /* multiTest */;
			targetProxy = BACF13D71C5F2BF5000FBEAF /* PBXContainerItemProxy */;
		};
/* End PBXTargetDependency section */

/* Begin PBXVariantGroup section */
		BACF13BE1C5F2BF5000FBEAF /* Main.storyboard */ = {
			isa = PBXVariantGroup;
			children = (
				BACF13BF1C5F2BF5000FBEAF /* Base */,
			);
			name = Main.storyboard;
			sourceTree = "<group>";
		};
		BACF13C31C5F2BF5000FBEAF /* LaunchScreen.storyboard */ = {
			isa = PBXVariantGroup;
			children = (
				BACF13C41C5F2BF5000FBEAF /* Base */,
			);
			name = LaunchScreen.storyboard;
			sourceTree = "<group>";
		};
/* End PBXVariantGroup section */

/* Begin XCBuildConfiguration section */
		BACF13DD1C5F2BF5000FBEAF /* Debug */ = {
			isa = XCBuildConfiguration;
			buildSettings = {
				ALWAYS_SEARCH_USER_PATHS = NO;
				CLANG_CXX_LANGUAGE_STANDARD = "gnu++0x";
				CLANG_CXX_LIBRARY = "libc++";
				CLANG_ENABLE_MODULES = YES;
				CLANG_ENABLE_OBJC_ARC = YES;
				CLANG_WARN_BOOL_CONVERSION = YES;
				CLANG_WARN_CONSTANT_CONVERSION = YES;
				CLANG_WARN_DIRECT_OBJC_ISA_USAGE = YES_ERROR;
				CLANG_WARN_EMPTY_BODY = YES;
				CLANG_WARN_ENUM_CONVERSION = YES;
				CLANG_WARN_INT_CONVERSION = YES;
				CLANG_WARN_OBJC_ROOT_CLASS = YES_ERROR;
				CLANG_WARN_UNREACHABLE_CODE = YES;
				CLANG_WARN__DUPLICATE_METHOD_MATCH = YES;
				"CODE_SIGN_IDENTITY[sdk=iphoneos*]" = "iPhone Developer";
				COPY_PHASE_STRIP = NO;
				DEBUG_INFORMATION_FORMAT = dwarf;
				ENABLE_STRICT_OBJC_MSGSEND = YES;
				ENABLE_TESTABILITY = YES;
				GCC_C_LANGUAGE_STANDARD = gnu99;
				GCC_DYNAMIC_NO_PIC = NO;
				GCC_NO_COMMON_BLOCKS = YES;
				GCC_OPTIMIZATION_LEVEL = 0;
				GCC_PREPROCESSOR_DEFINITIONS = (
					"DEBUG=1",
					"$(inherited)",
				);
				GCC_WARN_64_TO_32_BIT_CONVERSION = YES;
				GCC_WARN_ABOUT_RETURN_TYPE = YES_ERROR;
				GCC_WARN_UNDECLARED_SELECTOR = YES;
				GCC_WARN_UNINITIALIZED_AUTOS = YES_AGGRESSIVE;
				GCC_WARN_UNUSED_FUNCTION = YES;
				GCC_WARN_UNUSED_VARIABLE = YES;
				IPHONEOS_DEPLOYMENT_TARGET = 9.2;
				MTL_ENABLE_DEBUG_INFO = YES;
				ONLY_ACTIVE_ARCH = YES;
				SDKROOT = iphoneos;
				SWIFT_OPTIMIZATION_LEVEL = "-Onone";
				TARGETED_DEVICE_FAMILY = "1,2";
			};
			name = Debug;
		};
		BACF13DE1C5F2BF5000FBEAF /* Release */ = {
			isa = XCBuildConfiguration;
			buildSettings = {
				ALWAYS_SEARCH_USER_PATHS = NO;
				CLANG_CXX_LANGUAGE_STANDARD = "gnu++0x";
				CLANG_CXX_LIBRARY = "libc++";
				CLANG_ENABLE_MODULES = YES;
				CLANG_ENABLE_OBJC_ARC = YES;
				CLANG_WARN_BOOL_CONVERSION = YES;
				CLANG_WARN_CONSTANT_CONVERSION = YES;
				CLANG_WARN_DIRECT_OBJC_ISA_USAGE = YES_ERROR;
				CLANG_WARN_EMPTY_BODY = YES;
				CLANG_WARN_ENUM_CONVERSION = YES;
				CLANG_WARN_INT_CONVERSION = YES;
				CLANG_WARN_OBJC_ROOT_CLASS = YES_ERROR;
				CLANG_WARN_UNREACHABLE_CODE = YES;
				CLANG_WARN__DUPLICATE_METHOD_MATCH = YES;
				"CODE_SIGN_IDENTITY[sdk=iphoneos*]" = "iPhone Developer";
				COPY_PHASE_STRIP = NO;
				DEBUG_INFORMATION_FORMAT = "dwarf-with-dsym";
				ENABLE_NS_ASSERTIONS = NO;
				ENABLE_STRICT_OBJC_MSGSEND = YES;
				GCC_C_LANGUAGE_STANDARD = gnu99;
				GCC_NO_COMMON_BLOCKS = YES;
				GCC_WARN_64_TO_32_BIT_CONVERSION = YES;
				GCC_WARN_ABOUT_RETURN_TYPE = YES_ERROR;
				GCC_WARN_UNDECLARED_SELECTOR = YES;
				GCC_WARN_UNINITIALIZED_AUTOS = YES_AGGRESSIVE;
				GCC_WARN_UNUSED_FUNCTION = YES;
				GCC_WARN_UNUSED_VARIABLE = YES;
				IPHONEOS_DEPLOYMENT_TARGET = 9.2;
				MTL_ENABLE_DEBUG_INFO = NO;
				SDKROOT = iphoneos;
				TARGETED_DEVICE_FAMILY = "1,2";
				VALIDATE_PRODUCT = YES;
			};
			name = Release;
		};
		BACF13E01C5F2BF5000FBEAF /* Debug */ = {
			isa = XCBuildConfiguration;
			buildSettings = {
				ASSETCATALOG_COMPILER_APPICON_NAME = AppIcon;
				INFOPLIST_FILE = multiTest/Info.plist;
				LD_RUNPATH_SEARCH_PATHS = "$(inherited) @executable_path/Frameworks";
				PRODUCT_BUNDLE_IDENTIFIER = com.jehovahmedia.multiTest;
				PRODUCT_NAME = "$(TARGET_NAME)";
			};
			name = Debug;
		};
		BACF13E11C5F2BF5000FBEAF /* Release */ = {
			isa = XCBuildConfiguration;
			buildSettings = {
				ASSETCATALOG_COMPILER_APPICON_NAME = AppIcon;
				INFOPLIST_FILE = multiTest/Info.plist;
				LD_RUNPATH_SEARCH_PATHS = "$(inherited) @executable_path/Frameworks";
				PRODUCT_BUNDLE_IDENTIFIER = com.jehovahmedia.multiTest;
				PRODUCT_NAME = "$(TARGET_NAME)";
			};
			name = Release;
		};
		BACF13E31C5F2BF5000FBEAF /* Debug */ = {
			isa = XCBuildConfiguration;
			buildSettings = {
				BUNDLE_LOADER = "$(TEST_HOST)";
				INFOPLIST_FILE = multiTestTests/Info.plist;
				LD_RUNPATH_SEARCH_PATHS = "$(inherited) @executable_path/Frameworks @loader_path/Frameworks";
				PRODUCT_BUNDLE_IDENTIFIER = com.jehovahmedia.multiTestTests;
				PRODUCT_NAME = "$(TARGET_NAME)";
				TEST_HOST = "$(BUILT_PRODUCTS_DIR)/multiTest.app/multiTest";
			};
			name = Debug;
		};
		BACF13E41C5F2BF5000FBEAF /* Release */ = {
			isa = XCBuildConfiguration;
			buildSettings = {
				BUNDLE_LOADER = "$(TEST_HOST)";
				INFOPLIST_FILE = multiTestTests/Info.plist;
				LD_RUNPATH_SEARCH_PATHS = "$(inherited) @executable_path/Frameworks @loader_path/Frameworks";
				PRODUCT_BUNDLE_IDENTIFIER = com.jehovahmedia.multiTestTests;
				PRODUCT_NAME = "$(TARGET_NAME)";
				TEST_HOST = "$(BUILT_PRODUCTS_DIR)/multiTest.app/multiTest";
			};
			name = Release;
		};
		BACF13E61C5F2BF5000FBEAF /* Debug */ = {
			isa = XCBuildConfiguration;
			buildSettings = {
				INFOPLIST_FILE = multiTestUITests/Info.plist;
				LD_RUNPATH_SEARCH_PATHS = "$(inherited) @executable_path/Frameworks @loader_path/Frameworks";
				PRODUCT_BUNDLE_IDENTIFIER = com.jehovahmedia.multiTestUITests;
				PRODUCT_NAME = "$(TARGET_NAME)";
				TEST_TARGET_NAME = multiTest;
				USES_XCTRUNNER = YES;
			};
			name = Debug;
		};
		BACF13E71C5F2BF5000FBEAF /* Release */ = {
			isa = XCBuildConfiguration;
			buildSettings = {
				INFOPLIST_FILE = multiTestUITests/Info.plist;
				LD_RUNPATH_SEARCH_PATHS = "$(inherited) @executable_path/Frameworks @loader_path/Frameworks";
				PRODUCT_BUNDLE_IDENTIFIER = com.jehovahmedia.multiTestUITests;
				PRODUCT_NAME = "$(TARGET_NAME)";
				TEST_TARGET_NAME = multiTest;
				USES_XCTRUNNER = YES;
			};
			name = Release;
		};
/* End XCBuildConfiguration section */

/* Begin XCConfigurationList section */
		BACF13B21C5F2BF5000FBEAF /* Build configuration list for PBXProject "multiTest" */ = {
			isa = XCConfigurationList;
			buildConfigurations = (
				BACF13DD1C5F2BF5000FBEAF /* Debug */,
				BACF13DE1C5F2BF5000FBEAF /* Release */,
			);
			defaultConfigurationIsVisible = 0;
			defaultConfigurationName = Release;
		};
		BACF13DF1C5F2BF5000FBEAF /* Build configuration list for PBXNativeTarget "multiTest" */ = {
			isa = XCConfigurationList;
			buildConfigurations = (
				BACF13E01C5F2BF5000FBEAF /* Debug */,
				BACF13E11C5F2BF5000FBEAF /* Release */,
			);
			defaultConfigurationIsVisible = 0;
		};
		BACF13E21C5F2BF5000FBEAF /* Build configuration list for PBXNativeTarget "multiTestTests" */ = {
			isa = XCConfigurationList;
			buildConfigurations = (
				BACF13E31C5F2BF5000FBEAF /* Debug */,
				BACF13E41C5F2BF5000FBEAF /* Release */,
			);
			defaultConfigurationIsVisible = 0;
		};
		BACF13E51C5F2BF5000FBEAF /* Build configuration list for PBXNativeTarget "multiTestUITests" */ = {
			isa = XCConfigurationList;
			buildConfigurations = (
				BACF13E61C5F2BF5000FBEAF /* Debug */,
				BACF13E71C5F2BF5000FBEAF /* Release */,
			);
			defaultConfigurationIsVisible = 0;
		};
/* End XCConfigurationList section */
	};
	rootObject = BACF13AF1C5F2BF5000FBEAF /* Project object */;
}
